// !$*UTF8*$!
{
	archiveVersion = 1;
	classes = {
	};
	objectVersion = 56;
	objects = {

/* Begin PBXBuildFile section */
		8B0F06372A976A9600592796 /* AppDelegate.swift in Sources */ = {isa = PBXBuildFile; fileRef = 8B0F06362A976A9600592796 /* AppDelegate.swift */; };
		8B0F06392A976A9600592796 /* SceneDelegate.swift in Sources */ = {isa = PBXBuildFile; fileRef = 8B0F06382A976A9600592796 /* SceneDelegate.swift */; };
		8B0F063B2A976A9600592796 /* ViewController.swift in Sources */ = {isa = PBXBuildFile; fileRef = 8B0F063A2A976A9600592796 /* ViewController.swift */; };
		8B0F063E2A976A9600592796 /* Main.storyboard in Resources */ = {isa = PBXBuildFile; fileRef = 8B0F063C2A976A9600592796 /* Main.storyboard */; };
		8B0F06402A976A9700592796 /* Assets.xcassets in Resources */ = {isa = PBXBuildFile; fileRef = 8B0F063F2A976A9700592796 /* Assets.xcassets */; };
		8B0F06432A976A9700592796 /* LaunchScreen.storyboard in Resources */ = {isa = PBXBuildFile; fileRef = 8B0F06412A976A9700592796 /* LaunchScreen.storyboard */; };
		8B0F064E2A976A9700592796 /* ForecastTests.swift in Sources */ = {isa = PBXBuildFile; fileRef = 8B0F064D2A976A9700592796 /* ForecastTests.swift */; };
		8B0F06582A976A9700592796 /* ForecastUITests.swift in Sources */ = {isa = PBXBuildFile; fileRef = 8B0F06572A976A9700592796 /* ForecastUITests.swift */; };
		8B0F065A2A976A9700592796 /* ForecastUITestsLaunchTests.swift in Sources */ = {isa = PBXBuildFile; fileRef = 8B0F06592A976A9700592796 /* ForecastUITestsLaunchTests.swift */; };
/* End PBXBuildFile section */

/* Begin PBXContainerItemProxy section */
		8B0F064A2A976A9700592796 /* PBXContainerItemProxy */ = {
			isa = PBXContainerItemProxy;
			containerPortal = 8B0F062B2A976A9600592796 /* Project object */;
			proxyType = 1;
			remoteGlobalIDString = 8B0F06322A976A9600592796;
			remoteInfo = Forecast;
		};
		8B0F06542A976A9700592796 /* PBXContainerItemProxy */ = {
			isa = PBXContainerItemProxy;
			containerPortal = 8B0F062B2A976A9600592796 /* Project object */;
			proxyType = 1;
			remoteGlobalIDString = 8B0F06322A976A9600592796;
			remoteInfo = Forecast;
		};
/* End PBXContainerItemProxy section */

/* Begin PBXFileReference section */
		8B0F06332A976A9600592796 /* Forecast.app */ = {isa = PBXFileReference; explicitFileType = wrapper.application; includeInIndex = 0; path = Forecast.app; sourceTree = BUILT_PRODUCTS_DIR; };
		8B0F06362A976A9600592796 /* AppDelegate.swift */ = {isa = PBXFileReference; lastKnownFileType = sourcecode.swift; path = AppDelegate.swift; sourceTree = "<group>"; };
		8B0F06382A976A9600592796 /* SceneDelegate.swift */ = {isa = PBXFileReference; lastKnownFileType = sourcecode.swift; path = SceneDelegate.swift; sourceTree = "<group>"; };
		8B0F063A2A976A9600592796 /* ViewController.swift */ = {isa = PBXFileReference; lastKnownFileType = sourcecode.swift; path = ViewController.swift; sourceTree = "<group>"; };
		8B0F063D2A976A9600592796 /* Base */ = {isa = PBXFileReference; lastKnownFileType = file.storyboard; name = Base; path = Base.lproj/Main.storyboard; sourceTree = "<group>"; };
		8B0F063F2A976A9700592796 /* Assets.xcassets */ = {isa = PBXFileReference; lastKnownFileType = folder.assetcatalog; path = Assets.xcassets; sourceTree = "<group>"; };
		8B0F06422A976A9700592796 /* Base */ = {isa = PBXFileReference; lastKnownFileType = file.storyboard; name = Base; path = Base.lproj/LaunchScreen.storyboard; sourceTree = "<group>"; };
		8B0F06442A976A9700592796 /* Info.plist */ = {isa = PBXFileReference; lastKnownFileType = text.plist.xml; path = Info.plist; sourceTree = "<group>"; };
		8B0F06492A976A9700592796 /* ForecastTests.xctest */ = {isa = PBXFileReference; explicitFileType = wrapper.cfbundle; includeInIndex = 0; path = ForecastTests.xctest; sourceTree = BUILT_PRODUCTS_DIR; };
		8B0F064D2A976A9700592796 /* ForecastTests.swift */ = {isa = PBXFileReference; lastKnownFileType = sourcecode.swift; path = ForecastTests.swift; sourceTree = "<group>"; };
		8B0F06532A976A9700592796 /* ForecastUITests.xctest */ = {isa = PBXFileReference; explicitFileType = wrapper.cfbundle; includeInIndex = 0; path = ForecastUITests.xctest; sourceTree = BUILT_PRODUCTS_DIR; };
		8B0F06572A976A9700592796 /* ForecastUITests.swift */ = {isa = PBXFileReference; lastKnownFileType = sourcecode.swift; path = ForecastUITests.swift; sourceTree = "<group>"; };
		8B0F06592A976A9700592796 /* ForecastUITestsLaunchTests.swift */ = {isa = PBXFileReference; lastKnownFileType = sourcecode.swift; path = ForecastUITestsLaunchTests.swift; sourceTree = "<group>"; };
/* End PBXFileReference section */

/* Begin PBXFrameworksBuildPhase section */
		8B0F06302A976A9600592796 /* Frameworks */ = {
			isa = PBXFrameworksBuildPhase;
			buildActionMask = 2147483647;
			files = (
			);
			runOnlyForDeploymentPostprocessing = 0;
		};
		8B0F06462A976A9700592796 /* Frameworks */ = {
			isa = PBXFrameworksBuildPhase;
			buildActionMask = 2147483647;
			files = (
			);
			runOnlyForDeploymentPostprocessing = 0;
		};
		8B0F06502A976A9700592796 /* Frameworks */ = {
			isa = PBXFrameworksBuildPhase;
			buildActionMask = 2147483647;
			files = (
			);
			runOnlyForDeploymentPostprocessing = 0;
		};
/* End PBXFrameworksBuildPhase section */

/* Begin PBXGroup section */
		8B0F062A2A976A9600592796 = {
			isa = PBXGroup;
			children = (
				8B0F06352A976A9600592796 /* Forecast */,
				8B0F064C2A976A9700592796 /* ForecastTests */,
				8B0F06562A976A9700592796 /* ForecastUITests */,
				8B0F06342A976A9600592796 /* Products */,
			);
			sourceTree = "<group>";
		};
		8B0F06342A976A9600592796 /* Products */ = {
			isa = PBXGroup;
			children = (
				8B0F06332A976A9600592796 /* Forecast.app */,
				8B0F06492A976A9700592796 /* ForecastTests.xctest */,
				8B0F06532A976A9700592796 /* ForecastUITests.xctest */,
			);
			name = Products;
			sourceTree = "<group>";
		};
		8B0F06352A976A9600592796 /* Forecast */ = {
			isa = PBXGroup;
			children = (
				8B0F06362A976A9600592796 /* AppDelegate.swift */,
				8B0F06382A976A9600592796 /* SceneDelegate.swift */,
				8B0F063A2A976A9600592796 /* ViewController.swift */,
				8B0F063C2A976A9600592796 /* Main.storyboard */,
				8B0F063F2A976A9700592796 /* Assets.xcassets */,
				8B0F06412A976A9700592796 /* LaunchScreen.storyboard */,
				8B0F06442A976A9700592796 /* Info.plist */,
			);
			path = Forecast;
			sourceTree = "<group>";
		};
		8B0F064C2A976A9700592796 /* ForecastTests */ = {
			isa = PBXGroup;
			children = (
				8B0F064D2A976A9700592796 /* ForecastTests.swift */,
			);
			path = ForecastTests;
			sourceTree = "<group>";
		};
		8B0F06562A976A9700592796 /* ForecastUITests */ = {
			isa = PBXGroup;
			children = (
				8B0F06572A976A9700592796 /* ForecastUITests.swift */,
				8B0F06592A976A9700592796 /* ForecastUITestsLaunchTests.swift */,
			);
			path = ForecastUITests;
			sourceTree = "<group>";
		};
/* End PBXGroup section */

/* Begin PBXNativeTarget section */
		8B0F06322A976A9600592796 /* Forecast */ = {
			isa = PBXNativeTarget;
			buildConfigurationList = 8B0F065D2A976A9700592796 /* Build configuration list for PBXNativeTarget "Forecast" */;
			buildPhases = (
				8B0F062F2A976A9600592796 /* Sources */,
				8B0F06302A976A9600592796 /* Frameworks */,
				8B0F06312A976A9600592796 /* Resources */,
			);
			buildRules = (
			);
			dependencies = (
			);
			name = Forecast;
			productName = Forecast;
			productReference = 8B0F06332A976A9600592796 /* Forecast.app */;
			productType = "com.apple.product-type.application";
		};
		8B0F06482A976A9700592796 /* ForecastTests */ = {
			isa = PBXNativeTarget;
			buildConfigurationList = 8B0F06602A976A9700592796 /* Build configuration list for PBXNativeTarget "ForecastTests" */;
			buildPhases = (
				8B0F06452A976A9700592796 /* Sources */,
				8B0F06462A976A9700592796 /* Frameworks */,
				8B0F06472A976A9700592796 /* Resources */,
			);
			buildRules = (
			);
			dependencies = (
				8B0F064B2A976A9700592796 /* PBXTargetDependency */,
			);
			name = ForecastTests;
			productName = ForecastTests;
			productReference = 8B0F06492A976A9700592796 /* ForecastTests.xctest */;
			productType = "com.apple.product-type.bundle.unit-test";
		};
		8B0F06522A976A9700592796 /* ForecastUITests */ = {
			isa = PBXNativeTarget;
			buildConfigurationList = 8B0F06632A976A9700592796 /* Build configuration list for PBXNativeTarget "ForecastUITests" */;
			buildPhases = (
				8B0F064F2A976A9700592796 /* Sources */,
				8B0F06502A976A9700592796 /* Frameworks */,
				8B0F06512A976A9700592796 /* Resources */,
			);
			buildRules = (
			);
			dependencies = (
				8B0F06552A976A9700592796 /* PBXTargetDependency */,
			);
			name = ForecastUITests;
			productName = ForecastUITests;
			productReference = 8B0F06532A976A9700592796 /* ForecastUITests.xctest */;
			productType = "com.apple.product-type.bundle.ui-testing";
		};
/* End PBXNativeTarget section */

/* Begin PBXProject section */
		8B0F062B2A976A9600592796 /* Project object */ = {
			isa = PBXProject;
			attributes = {
				BuildIndependentTargetsInParallel = 1;
				LastSwiftUpdateCheck = 1430;
				LastUpgradeCheck = 1430;
				TargetAttributes = {
					8B0F06322A976A9600592796 = {
						CreatedOnToolsVersion = 14.3.1;
					};
					8B0F06482A976A9700592796 = {
						CreatedOnToolsVersion = 14.3.1;
						TestTargetID = 8B0F06322A976A9600592796;
					};
					8B0F06522A976A9700592796 = {
						CreatedOnToolsVersion = 14.3.1;
						TestTargetID = 8B0F06322A976A9600592796;
					};
				};
			};
			buildConfigurationList = 8B0F062E2A976A9600592796 /* Build configuration list for PBXProject "Forecast" */;
			compatibilityVersion = "Xcode 14.0";
			developmentRegion = en;
			hasScannedForEncodings = 0;
			knownRegions = (
				en,
				Base,
			);
			mainGroup = 8B0F062A2A976A9600592796;
			productRefGroup = 8B0F06342A976A9600592796 /* Products */;
			projectDirPath = "";
			projectRoot = "";
			targets = (
				8B0F06322A976A9600592796 /* Forecast */,
				8B0F06482A976A9700592796 /* ForecastTests */,
				8B0F06522A976A9700592796 /* ForecastUITests */,
			);
		};
/* End PBXProject section */

/* Begin PBXResourcesBuildPhase section */
		8B0F06312A976A9600592796 /* Resources */ = {
			isa = PBXResourcesBuildPhase;
			buildActionMask = 2147483647;
			files = (
				8B0F06432A976A9700592796 /* LaunchScreen.storyboard in Resources */,
				8B0F06402A976A9700592796 /* Assets.xcassets in Resources */,
				8B0F063E2A976A9600592796 /* Main.storyboard in Resources */,
			);
			runOnlyForDeploymentPostprocessing = 0;
		};
		8B0F06472A976A9700592796 /* Resources */ = {
			isa = PBXResourcesBuildPhase;
			buildActionMask = 2147483647;
			files = (
			);
			runOnlyForDeploymentPostprocessing = 0;
		};
		8B0F06512A976A9700592796 /* Resources */ = {
			isa = PBXResourcesBuildPhase;
			buildActionMask = 2147483647;
			files = (
			);
			runOnlyForDeploymentPostprocessing = 0;
		};
/* End PBXResourcesBuildPhase section */

/* Begin PBXSourcesBuildPhase section */
		8B0F062F2A976A9600592796 /* Sources */ = {
			isa = PBXSourcesBuildPhase;
			buildActionMask = 2147483647;
			files = (
				8B0F063B2A976A9600592796 /* ViewController.swift in Sources */,
				8B0F06372A976A9600592796 /* AppDelegate.swift in Sources */,
				8B0F06392A976A9600592796 /* SceneDelegate.swift in Sources */,
			);
			runOnlyForDeploymentPostprocessing = 0;
		};
		8B0F06452A976A9700592796 /* Sources */ = {
			isa = PBXSourcesBuildPhase;
			buildActionMask = 2147483647;
			files = (
				8B0F064E2A976A9700592796 /* ForecastTests.swift in Sources */,
			);
			runOnlyForDeploymentPostprocessing = 0;
		};
		8B0F064F2A976A9700592796 /* Sources */ = {
			isa = PBXSourcesBuildPhase;
			buildActionMask = 2147483647;
			files = (
				8B0F065A2A976A9700592796 /* ForecastUITestsLaunchTests.swift in Sources */,
				8B0F06582A976A9700592796 /* ForecastUITests.swift in Sources */,
			);
			runOnlyForDeploymentPostprocessing = 0;
		};
/* End PBXSourcesBuildPhase section */

/* Begin PBXTargetDependency section */
		8B0F064B2A976A9700592796 /* PBXTargetDependency */ = {
			isa = PBXTargetDependency;
			target = 8B0F06322A976A9600592796 /* Forecast */;
			targetProxy = 8B0F064A2A976A9700592796 /* PBXContainerItemProxy */;
		};
		8B0F06552A976A9700592796 /* PBXTargetDependency */ = {
			isa = PBXTargetDependency;
			target = 8B0F06322A976A9600592796 /* Forecast */;
			targetProxy = 8B0F06542A976A9700592796 /* PBXContainerItemProxy */;
		};
/* End PBXTargetDependency section */

/* Begin PBXVariantGroup section */
		8B0F063C2A976A9600592796 /* Main.storyboard */ = {
			isa = PBXVariantGroup;
			children = (
				8B0F063D2A976A9600592796 /* Base */,
			);
			name = Main.storyboard;
			sourceTree = "<group>";
		};
		8B0F06412A976A9700592796 /* LaunchScreen.storyboard */ = {
			isa = PBXVariantGroup;
			children = (
				8B0F06422A976A9700592796 /* Base */,
			);
			name = LaunchScreen.storyboard;
			sourceTree = "<group>";
		};
/* End PBXVariantGroup section */

/* Begin XCBuildConfiguration section */
		8B0F065B2A976A9700592796 /* Debug */ = {
			isa = XCBuildConfiguration;
			buildSettings = {
				ALWAYS_SEARCH_USER_PATHS = NO;
				CLANG_ANALYZER_NONNULL = YES;
				CLANG_ANALYZER_NUMBER_OBJECT_CONVERSION = YES_AGGRESSIVE;
				CLANG_CXX_LANGUAGE_STANDARD = "gnu++20";
				CLANG_ENABLE_MODULES = YES;
				CLANG_ENABLE_OBJC_ARC = YES;
				CLANG_ENABLE_OBJC_WEAK = YES;
				CLANG_WARN_BLOCK_CAPTURE_AUTORELEASING = YES;
				CLANG_WARN_BOOL_CONVERSION = YES;
				CLANG_WARN_COMMA = YES;
				CLANG_WARN_CONSTANT_CONVERSION = YES;
				CLANG_WARN_DEPRECATED_OBJC_IMPLEMENTATIONS = YES;
				CLANG_WARN_DIRECT_OBJC_ISA_USAGE = YES_ERROR;
				CLANG_WARN_DOCUMENTATION_COMMENTS = YES;
				CLANG_WARN_EMPTY_BODY = YES;
				CLANG_WARN_ENUM_CONVERSION = YES;
				CLANG_WARN_INFINITE_RECURSION = YES;
				CLANG_WARN_INT_CONVERSION = YES;
				CLANG_WARN_NON_LITERAL_NULL_CONVERSION = YES;
				CLANG_WARN_OBJC_IMPLICIT_RETAIN_SELF = YES;
				CLANG_WARN_OBJC_LITERAL_CONVERSION = YES;
				CLANG_WARN_OBJC_ROOT_CLASS = YES_ERROR;
				CLANG_WARN_QUOTED_INCLUDE_IN_FRAMEWORK_HEADER = YES;
				CLANG_WARN_RANGE_LOOP_ANALYSIS = YES;
				CLANG_WARN_STRICT_PROTOTYPES = YES;
				CLANG_WARN_SUSPICIOUS_MOVE = YES;
				CLANG_WARN_UNGUARDED_AVAILABILITY = YES_AGGRESSIVE;
				CLANG_WARN_UNREACHABLE_CODE = YES;
				CLANG_WARN__DUPLICATE_METHOD_MATCH = YES;
				COPY_PHASE_STRIP = NO;
				DEBUG_INFORMATION_FORMAT = dwarf;
				ENABLE_STRICT_OBJC_MSGSEND = YES;
				ENABLE_TESTABILITY = YES;
				GCC_C_LANGUAGE_STANDARD = gnu11;
				GCC_DYNAMIC_NO_PIC = NO;
				GCC_NO_COMMON_BLOCKS = YES;
				GCC_OPTIMIZATION_LEVEL = 0;
				GCC_PREPROCESSOR_DEFINITIONS = (
					"DEBUG=1",
					"$(inherited)",
				);
				GCC_WARN_64_TO_32_BIT_CONVERSION = YES;
				GCC_WARN_ABOUT_RETURN_TYPE = YES_ERROR;
				GCC_WARN_UNDECLARED_SELECTOR = YES;
				GCC_WARN_UNINITIALIZED_AUTOS = YES_AGGRESSIVE;
				GCC_WARN_UNUSED_FUNCTION = YES;
				GCC_WARN_UNUSED_VARIABLE = YES;
				IPHONEOS_DEPLOYMENT_TARGET = 16.4;
				MTL_ENABLE_DEBUG_INFO = INCLUDE_SOURCE;
				MTL_FAST_MATH = YES;
				ONLY_ACTIVE_ARCH = YES;
				SDKROOT = iphoneos;
				SWIFT_ACTIVE_COMPILATION_CONDITIONS = DEBUG;
				SWIFT_OPTIMIZATION_LEVEL = "-Onone";
			};
			name = Debug;
		};
		8B0F065C2A976A9700592796 /* Release */ = {
			isa = XCBuildConfiguration;
			buildSettings = {
				ALWAYS_SEARCH_USER_PATHS = NO;
				CLANG_ANALYZER_NONNULL = YES;
				CLANG_ANALYZER_NUMBER_OBJECT_CONVERSION = YES_AGGRESSIVE;
				CLANG_CXX_LANGUAGE_STANDARD = "gnu++20";
				CLANG_ENABLE_MODULES = YES;
				CLANG_ENABLE_OBJC_ARC = YES;
				CLANG_ENABLE_OBJC_WEAK = YES;
				CLANG_WARN_BLOCK_CAPTURE_AUTORELEASING = YES;
				CLANG_WARN_BOOL_CONVERSION = YES;
				CLANG_WARN_COMMA = YES;
				CLANG_WARN_CONSTANT_CONVERSION = YES;
				CLANG_WARN_DEPRECATED_OBJC_IMPLEMENTATIONS = YES;
				CLANG_WARN_DIRECT_OBJC_ISA_USAGE = YES_ERROR;
				CLANG_WARN_DOCUMENTATION_COMMENTS = YES;
				CLANG_WARN_EMPTY_BODY = YES;
				CLANG_WARN_ENUM_CONVERSION = YES;
				CLANG_WARN_INFINITE_RECURSION = YES;
				CLANG_WARN_INT_CONVERSION = YES;
				CLANG_WARN_NON_LITERAL_NULL_CONVERSION = YES;
				CLANG_WARN_OBJC_IMPLICIT_RETAIN_SELF = YES;
				CLANG_WARN_OBJC_LITERAL_CONVERSION = YES;
				CLANG_WARN_OBJC_ROOT_CLASS = YES_ERROR;
				CLANG_WARN_QUOTED_INCLUDE_IN_FRAMEWORK_HEADER = YES;
				CLANG_WARN_RANGE_LOOP_ANALYSIS = YES;
				CLANG_WARN_STRICT_PROTOTYPES = YES;
				CLANG_WARN_SUSPICIOUS_MOVE = YES;
				CLANG_WARN_UNGUARDED_AVAILABILITY = YES_AGGRESSIVE;
				CLANG_WARN_UNREACHABLE_CODE = YES;
				CLANG_WARN__DUPLICATE_METHOD_MATCH = YES;
				COPY_PHASE_STRIP = NO;
				DEBUG_INFORMATION_FORMAT = "dwarf-with-dsym";
				ENABLE_NS_ASSERTIONS = NO;
				ENABLE_STRICT_OBJC_MSGSEND = YES;
				GCC_C_LANGUAGE_STANDARD = gnu11;
				GCC_NO_COMMON_BLOCKS = YES;
				GCC_WARN_64_TO_32_BIT_CONVERSION = YES;
				GCC_WARN_ABOUT_RETURN_TYPE = YES_ERROR;
				GCC_WARN_UNDECLARED_SELECTOR = YES;
				GCC_WARN_UNINITIALIZED_AUTOS = YES_AGGRESSIVE;
				GCC_WARN_UNUSED_FUNCTION = YES;
				GCC_WARN_UNUSED_VARIABLE = YES;
				IPHONEOS_DEPLOYMENT_TARGET = 16.4;
				MTL_ENABLE_DEBUG_INFO = NO;
				MTL_FAST_MATH = YES;
				SDKROOT = iphoneos;
				SWIFT_COMPILATION_MODE = wholemodule;
				SWIFT_OPTIMIZATION_LEVEL = "-O";
				VALIDATE_PRODUCT = YES;
			};
			name = Release;
		};
		8B0F065E2A976A9700592796 /* Debug */ = {
			isa = XCBuildConfiguration;
			buildSettings = {
				ASSETCATALOG_COMPILER_APPICON_NAME = AppIcon;
				ASSETCATALOG_COMPILER_GLOBAL_ACCENT_COLOR_NAME = AccentColor;
				CODE_SIGN_STYLE = Automatic;
				CURRENT_PROJECT_VERSION = 1;
				DEVELOPMENT_TEAM = 4582NNJ7T6;
				GENERATE_INFOPLIST_FILE = YES;
				INFOPLIST_FILE = Forecast/Info.plist;
				INFOPLIST_KEY_UIApplicationSupportsIndirectInputEvents = YES;
				INFOPLIST_KEY_UILaunchStoryboardName = LaunchScreen;
				INFOPLIST_KEY_UIMainStoryboardFile = Main;
				INFOPLIST_KEY_UISupportedInterfaceOrientations_iPad = "UIInterfaceOrientationPortrait UIInterfaceOrientationPortraitUpsideDown UIInterfaceOrientationLandscapeLeft UIInterfaceOrientationLandscapeRight";
				INFOPLIST_KEY_UISupportedInterfaceOrientations_iPhone = "UIInterfaceOrientationPortrait UIInterfaceOrientationLandscapeLeft UIInterfaceOrientationLandscapeRight";
				LD_RUNPATH_SEARCH_PATHS = (
					"$(inherited)",
					"@executable_path/Frameworks",
				);
				MARKETING_VERSION = 1.0;
				PRODUCT_BUNDLE_IDENTIFIER = com.stevehechio.apps.Forecast;
				PRODUCT_NAME = "$(TARGET_NAME)";
				SWIFT_EMIT_LOC_STRINGS = YES;
				SWIFT_VERSION = 5.0;
				TARGETED_DEVICE_FAMILY = "1,2";
			};
			name = Debug;
		};
		8B0F065F2A976A9700592796 /* Release */ = {
			isa = XCBuildConfiguration;
			buildSettings = {
				ASSETCATALOG_COMPILER_APPICON_NAME = AppIcon;
				ASSETCATALOG_COMPILER_GLOBAL_ACCENT_COLOR_NAME = AccentColor;
				CODE_SIGN_STYLE = Automatic;
				CURRENT_PROJECT_VERSION = 1;
				DEVELOPMENT_TEAM = 4582NNJ7T6;
				GENERATE_INFOPLIST_FILE = YES;
				INFOPLIST_FILE = Forecast/Info.plist;
				INFOPLIST_KEY_UIApplicationSupportsIndirectInputEvents = YES;
				INFOPLIST_KEY_UILaunchStoryboardName = LaunchScreen;
				INFOPLIST_KEY_UIMainStoryboardFile = Main;
				INFOPLIST_KEY_UISupportedInterfaceOrientations_iPad = "UIInterfaceOrientationPortrait UIInterfaceOrientationPortraitUpsideDown UIInterfaceOrientationLandscapeLeft UIInterfaceOrientationLandscapeRight";
				INFOPLIST_KEY_UISupportedInterfaceOrientations_iPhone = "UIInterfaceOrientationPortrait UIInterfaceOrientationLandscapeLeft UIInterfaceOrientationLandscapeRight";
				LD_RUNPATH_SEARCH_PATHS = (
					"$(inherited)",
					"@executable_path/Frameworks",
				);
				MARKETING_VERSION = 1.0;
				PRODUCT_BUNDLE_IDENTIFIER = com.stevehechio.apps.Forecast;
				PRODUCT_NAME = "$(TARGET_NAME)";
				SWIFT_EMIT_LOC_STRINGS = YES;
				SWIFT_VERSION = 5.0;
				TARGETED_DEVICE_FAMILY = "1,2";
			};
			name = Release;
		};
		8B0F06612A976A9700592796 /* Debug */ = {
			isa = XCBuildConfiguration;
			buildSettings = {
				ALWAYS_EMBED_SWIFT_STANDARD_LIBRARIES = YES;
				BUNDLE_LOADER = "$(TEST_HOST)";
				CODE_SIGN_STYLE = Automatic;
				CURRENT_PROJECT_VERSION = 1;
				DEVELOPMENT_TEAM = 4582NNJ7T6;
				GENERATE_INFOPLIST_FILE = YES;
				IPHONEOS_DEPLOYMENT_TARGET = 16.4;
				MARKETING_VERSION = 1.0;
				PRODUCT_BUNDLE_IDENTIFIER = com.stevehechio.apps.ForecastTests;
				PRODUCT_NAME = "$(TARGET_NAME)";
				SWIFT_EMIT_LOC_STRINGS = NO;
				SWIFT_VERSION = 5.0;
				TARGETED_DEVICE_FAMILY = "1,2";
				TEST_HOST = "$(BUILT_PRODUCTS_DIR)/Forecast.app/$(BUNDLE_EXECUTABLE_FOLDER_PATH)/Forecast";
			};
			name = Debug;
		};
		8B0F06622A976A9700592796 /* Release */ = {
			isa = XCBuildConfiguration;
			buildSettings = {
				ALWAYS_EMBED_SWIFT_STANDARD_LIBRARIES = YES;
				BUNDLE_LOADER = "$(TEST_HOST)";
				CODE_SIGN_STYLE = Automatic;
				CURRENT_PROJECT_VERSION = 1;
				DEVELOPMENT_TEAM = 4582NNJ7T6;
				GENERATE_INFOPLIST_FILE = YES;
				IPHONEOS_DEPLOYMENT_TARGET = 16.4;
				MARKETING_VERSION = 1.0;
				PRODUCT_BUNDLE_IDENTIFIER = com.stevehechio.apps.ForecastTests;
				PRODUCT_NAME = "$(TARGET_NAME)";
				SWIFT_EMIT_LOC_STRINGS = NO;
				SWIFT_VERSION = 5.0;
				TARGETED_DEVICE_FAMILY = "1,2";
				TEST_HOST = "$(BUILT_PRODUCTS_DIR)/Forecast.app/$(BUNDLE_EXECUTABLE_FOLDER_PATH)/Forecast";
			};
			name = Release;
		};
		8B0F06642A976A9700592796 /* Debug */ = {
			isa = XCBuildConfiguration;
			buildSettings = {
				ALWAYS_EMBED_SWIFT_STANDARD_LIBRARIES = YES;
				CODE_SIGN_STYLE = Automatic;
				CURRENT_PROJECT_VERSION = 1;
				DEVELOPMENT_TEAM = 4582NNJ7T6;
				GENERATE_INFOPLIST_FILE = YES;
				MARKETING_VERSION = 1.0;
				PRODUCT_BUNDLE_IDENTIFIER = com.stevehechio.apps.ForecastUITests;
				PRODUCT_NAME = "$(TARGET_NAME)";
				SWIFT_EMIT_LOC_STRINGS = NO;
				SWIFT_VERSION = 5.0;
				TARGETED_DEVICE_FAMILY = "1,2";
				TEST_TARGET_NAME = Forecast;
			};
			name = Debug;
		};
		8B0F06652A976A9700592796 /* Release */ = {
			isa = XCBuildConfiguration;
			buildSettings = {
				ALWAYS_EMBED_SWIFT_STANDARD_LIBRARIES = YES;
				CODE_SIGN_STYLE = Automatic;
				CURRENT_PROJECT_VERSION = 1;
				DEVELOPMENT_TEAM = 4582NNJ7T6;
				GENERATE_INFOPLIST_FILE = YES;
				MARKETING_VERSION = 1.0;
				PRODUCT_BUNDLE_IDENTIFIER = com.stevehechio.apps.ForecastUITests;
				PRODUCT_NAME = "$(TARGET_NAME)";
				SWIFT_EMIT_LOC_STRINGS = NO;
				SWIFT_VERSION = 5.0;
				TARGETED_DEVICE_FAMILY = "1,2";
				TEST_TARGET_NAME = Forecast;
			};
			name = Release;
		};
/* End XCBuildConfiguration section */

/* Begin XCConfigurationList section */
		8B0F062E2A976A9600592796 /* Build configuration list for PBXProject "Forecast" */ = {
			isa = XCConfigurationList;
			buildConfigurations = (
				8B0F065B2A976A9700592796 /* Debug */,
				8B0F065C2A976A9700592796 /* Release */,
			);
			defaultConfigurationIsVisible = 0;
			defaultConfigurationName = Release;
		};
		8B0F065D2A976A9700592796 /* Build configuration list for PBXNativeTarget "Forecast" */ = {
			isa = XCConfigurationList;
			buildConfigurations = (
				8B0F065E2A976A9700592796 /* Debug */,
				8B0F065F2A976A9700592796 /* Release */,
			);
			defaultConfigurationIsVisible = 0;
			defaultConfigurationName = Release;
		};
		8B0F06602A976A9700592796 /* Build configuration list for PBXNativeTarget "ForecastTests" */ = {
			isa = XCConfigurationList;
			buildConfigurations = (
				8B0F06612A976A9700592796 /* Debug */,
				8B0F06622A976A9700592796 /* Release */,
			);
			defaultConfigurationIsVisible = 0;
			defaultConfigurationName = Release;
		};
		8B0F06632A976A9700592796 /* Build configuration list for PBXNativeTarget "ForecastUITests" */ = {
			isa = XCConfigurationList;
			buildConfigurations = (
				8B0F06642A976A9700592796 /* Debug */,
				8B0F06652A976A9700592796 /* Release */,
			);
			defaultConfigurationIsVisible = 0;
			defaultConfigurationName = Release;
		};
/* End XCConfigurationList section */
	};
	rootObject = 8B0F062B2A976A9600592796 /* Project object */;
}
